
Microsoft Visual Studio Solution File, Format Version 12.00
# Visual Studio Version 17
VisualStudioVersion = 17.2.32630.192
MinimumVisualStudioVersion = 10.0.40219.1
Project("{9A19103F-16F7-4668-BE54-9A1E7A4F7556}") = "MedicationsAPI", "MedicationsAPI\MedicationsAPI.csproj", "{74765373-DC8E-41A4-AFFA-527249B240F9}"
EndProject
Project("{FAE04EC0-301F-11D3-BF4B-00C04F79EFBC}") = "MedicationsAPI.Data", "MedicationsAPI.Data\MedicationsAPI.Data.csproj", "{DF91C2F0-3B40-4941-91DE-783F4FA715EF}"
EndProject
Project("{FAE04EC0-301F-11D3-BF4B-00C04F79EFBC}") = "Medicines.client", "Medicines.client\Medicines.client.csproj", "{B8DA83F6-5A6F-4994-B86C-2B11E500D750}"
EndProject
Global
	GlobalSection(SolutionConfigurationPlatforms) = preSolution
		Debug|Any CPU = Debug|Any CPU
		Release|Any CPU = Release|Any CPU
	EndGlobalSection
	GlobalSection(ProjectConfigurationPlatforms) = postSolution
		{74765373-DC8E-41A4-AFFA-527249B240F9}.Debug|Any CPU.ActiveCfg = Debug|Any CPU
		{74765373-DC8E-41A4-AFFA-527249B240F9}.Debug|Any CPU.Build.0 = Debug|Any CPU
		{74765373-DC8E-41A4-AFFA-527249B240F9}.Release|Any CPU.ActiveCfg = Release|Any CPU
		{74765373-DC8E-41A4-AFFA-527249B240F9}.Release|Any CPU.Build.0 = Release|Any CPU
		{DF91C2F0-3B40-4941-91DE-783F4FA715EF}.Debug|Any CPU.ActiveCfg = Debug|Any CPU
		{DF91C2F0-3B40-4941-91DE-783F4FA715EF}.Debug|Any CPU.Build.0 = Debug|Any CPU
		{DF91C2F0-3B40-4941-91DE-783F4FA715EF}.Release|Any CPU.ActiveCfg = Release|Any CPU
		{DF91C2F0-3B40-4941-91DE-783F4FA715EF}.Release|Any CPU.Build.0 = Release|Any CPU
		{B8DA83F6-5A6F-4994-B86C-2B11E500D750}.Debug|Any CPU.ActiveCfg = Debug|Any CPU
		{B8DA83F6-5A6F-4994-B86C-2B11E500D750}.Debug|Any CPU.Build.0 = Debug|Any CPU
		{B8DA83F6-5A6F-4994-B86C-2B11E500D750}.Release|Any CPU.ActiveCfg = Release|Any CPU
		{B8DA83F6-5A6F-4994-B86C-2B11E500D750}.Release|Any CPU.Build.0 = Release|Any CPU
	EndGlobalSection
	GlobalSection(SolutionProperties) = preSolution
		HideSolutionNode = FALSE
	EndGlobalSection
	GlobalSection(ExtensibilityGlobals) = postSolution
		SolutionGuid = {57609CA4-549F-46C2-B88A-E28E3B4E9295}
	EndGlobalSection
EndGlobal
